
Microsoft Visual Studio Solution File, Format Version 12.00
# Visual Studio Version 17
VisualStudioVersion = 17.5.002.0
MinimumVisualStudioVersion = 10.0.40219.1
Project("{FAE04EC0-301F-11D3-BF4B-00C04F79EFBC}") = "Gsharp", "Gsharp\Gsharp.csproj", "{5DCF1A44-B2A7-4BD4-A815-B929FA53A388}"
EndProject
Project("{FAE04EC0-301F-11D3-BF4B-00C04F79EFBC}") = "GeoWallE", "GeoWalle\GeoWallE.csproj", "{B7558C12-BA62-42F8-B205-CA11FECD2B4A}"
EndProject
Global
	GlobalSection(SolutionConfigurationPlatforms) = preSolution
		Debug|Any CPU = Debug|Any CPU
		Release|Any CPU = Release|Any CPU
	EndGlobalSection
	GlobalSection(ProjectConfigurationPlatforms) = postSolution
		{5DCF1A44-B2A7-4BD4-A815-B929FA53A388}.Debug|Any CPU.ActiveCfg = Debug|Any CPU
		{5DCF1A44-B2A7-4BD4-A815-B929FA53A388}.Debug|Any CPU.Build.0 = Debug|Any CPU
		{5DCF1A44-B2A7-4BD4-A815-B929FA53A388}.Release|Any CPU.ActiveCfg = Release|Any CPU
		{5DCF1A44-B2A7-4BD4-A815-B929FA53A388}.Release|Any CPU.Build.0 = Release|Any CPU
		{B7558C12-BA62-42F8-B205-CA11FECD2B4A}.Debug|Any CPU.ActiveCfg = Debug|Any CPU
		{B7558C12-BA62-42F8-B205-CA11FECD2B4A}.Debug|Any CPU.Build.0 = Debug|Any CPU
		{B7558C12-BA62-42F8-B205-CA11FECD2B4A}.Release|Any CPU.ActiveCfg = Release|Any CPU
		{B7558C12-BA62-42F8-B205-CA11FECD2B4A}.Release|Any CPU.Build.0 = Release|Any CPU
	EndGlobalSection
	GlobalSection(SolutionProperties) = preSolution
		HideSolutionNode = FALSE
	EndGlobalSection
	GlobalSection(ExtensibilityGlobals) = postSolution
		SolutionGuid = {4F6AD749-34E2-4BD8-BBC7-3B2CA1A2C9A6}
	EndGlobalSection
EndGlobal
